{
  "name": "koda2",
  "lockfileVersion": 2,
  "requires": true,
  "packages": {
    "": {
      "dependencies": {
        "collect": "^0.3.5",
        "collect.js": "^4.28.6"
      }
    },
    "node_modules/async": {
      "version": "0.1.22",
      "resolved": "https://registry.npmjs.org/async/-/async-0.1.22.tgz",
      "integrity": "sha1-D8GqoIig4+8Ovi2IMbqw3PiEUGE=",
      "engines": {
        "node": "*"
      }
    },
    "node_modules/collect": {
      "version": "0.3.5",
      "resolved": "https://registry.npmjs.org/collect/-/collect-0.3.5.tgz",
      "integrity": "sha1-Ao8uDXRe33IHbNZM0Zox90GIpRA=",
      "dependencies": {
        "async": "~0.1.22"
      }
    },
    "node_modules/collect.js": {
      "version": "4.28.6",
      "resolved": "https://registry.npmjs.org/collect.js/-/collect.js-4.28.6.tgz",
      "integrity": "sha512-NAyuk1DnCotRaDZIS5kJ4sptgkwOeYqElird10yziN5JBuwYOGkOTguhNcPn5g344IfylZecxNYZAVXgv19p5Q=="
    }
  },
  "dependencies": {
    "async": {
      "version": "0.1.22",
      "resolved": "https://registry.npmjs.org/async/-/async-0.1.22.tgz",
      "integrity": "sha1-D8GqoIig4+8Ovi2IMbqw3PiEUGE="
    },
    "collect": {
      "version": "0.3.5",
      "resolved": "https://registry.npmjs.org/collect/-/collect-0.3.5.tgz",
      "integrity": "sha1-Ao8uDXRe33IHbNZM0Zox90GIpRA=",
      "requires": {
        "async": "~0.1.22"
      }
    },
    "collect.js": {
      "version": "4.28.6",
      "resolved": "https://registry.npmjs.org/collect.js/-/collect.js-4.28.6.tgz",
      "integrity": "sha512-NAyuk1DnCotRaDZIS5kJ4sptgkwOeYqElird10yziN5JBuwYOGkOTguhNcPn5g344IfylZecxNYZAVXgv19p5Q=="
    }
  }
}
